// !$*UTF8*$!
{
	archiveVersion = 1;
	classes = {
	};
	objectVersion = 50;
	objects = {

/* Begin PBXBuildFile section */
		E295BB6522736D6C004FD403 /* AppDelegate.swift in Sources */ = {isa = PBXBuildFile; fileRef = E295BB6422736D6C004FD403 /* AppDelegate.swift */; };
		E295BB6722736D6C004FD403 /* ViewController.swift in Sources */ = {isa = PBXBuildFile; fileRef = E295BB6622736D6C004FD403 /* ViewController.swift */; };
		E295BB6A22736D6C004FD403 /* Main.storyboard in Resources */ = {isa = PBXBuildFile; fileRef = E295BB6822736D6C004FD403 /* Main.storyboard */; };
		E295BB6C22736D6F004FD403 /* Assets.xcassets in Resources */ = {isa = PBXBuildFile; fileRef = E295BB6B22736D6F004FD403 /* Assets.xcassets */; };
		E295BB6F22736D70004FD403 /* LaunchScreen.storyboard in Resources */ = {isa = PBXBuildFile; fileRef = E295BB6D22736D6F004FD403 /* LaunchScreen.storyboard */; };
		E295BB79227378B3004FD403 /* KanjayView.swift in Sources */ = {isa = PBXBuildFile; fileRef = E295BB78227378B3004FD403 /* KanjayView.swift */; };
		E2AA3CDC227482D7002CA119 /* Kanjis in Resources */ = {isa = PBXBuildFile; fileRef = E2AA3CDB227482D7002CA119 /* Kanjis */; };
		E2AA3CDE22748C4E002CA119 /* GameOverController.swift in Sources */ = {isa = PBXBuildFile; fileRef = E2AA3CDD22748C4E002CA119 /* GameOverController.swift */; };
/* End PBXBuildFile section */

/* Begin PBXFileReference section */
		E295BB6122736D6C004FD403 /* Kanjay.app */ = {isa = PBXFileReference; explicitFileType = wrapper.application; includeInIndex = 0; path = Kanjay.app; sourceTree = BUILT_PRODUCTS_DIR; };
		E295BB6422736D6C004FD403 /* AppDelegate.swift */ = {isa = PBXFileReference; lastKnownFileType = sourcecode.swift; path = AppDelegate.swift; sourceTree = "<group>"; };
		E295BB6622736D6C004FD403 /* ViewController.swift */ = {isa = PBXFileReference; lastKnownFileType = sourcecode.swift; path = ViewController.swift; sourceTree = "<group>"; };
		E295BB6922736D6C004FD403 /* Base */ = {isa = PBXFileReference; lastKnownFileType = file.storyboard; name = Base; path = Base.lproj/Main.storyboard; sourceTree = "<group>"; };
		E295BB6B22736D6F004FD403 /* Assets.xcassets */ = {isa = PBXFileReference; lastKnownFileType = folder.assetcatalog; path = Assets.xcassets; sourceTree = "<group>"; };
		E295BB6E22736D6F004FD403 /* Base */ = {isa = PBXFileReference; lastKnownFileType = file.storyboard; name = Base; path = Base.lproj/LaunchScreen.storyboard; sourceTree = "<group>"; };
		E295BB7022736D70004FD403 /* Info.plist */ = {isa = PBXFileReference; lastKnownFileType = text.plist.xml; path = Info.plist; sourceTree = "<group>"; };
		E295BB78227378B3004FD403 /* KanjayView.swift */ = {isa = PBXFileReference; lastKnownFileType = sourcecode.swift; path = KanjayView.swift; sourceTree = "<group>"; };
		E2AA3CDB227482D7002CA119 /* Kanjis */ = {isa = PBXFileReference; lastKnownFileType = folder; path = Kanjis; sourceTree = "<group>"; };
		E2AA3CDD22748C4E002CA119 /* GameOverController.swift */ = {isa = PBXFileReference; lastKnownFileType = sourcecode.swift; path = GameOverController.swift; sourceTree = "<group>"; };
/* End PBXFileReference section */

/* Begin PBXFrameworksBuildPhase section */
		E295BB5E22736D6C004FD403 /* Frameworks */ = {
			isa = PBXFrameworksBuildPhase;
			buildActionMask = 2147483647;
			files = (
			);
			runOnlyForDeploymentPostprocessing = 0;
		};
/* End PBXFrameworksBuildPhase section */

/* Begin PBXGroup section */
		E295BB5822736D6C004FD403 = {
			isa = PBXGroup;
			children = (
				E295BB6322736D6C004FD403 /* Kanjay */,
				E295BB6222736D6C004FD403 /* Products */,
			);
			sourceTree = "<group>";
		};
		E295BB6222736D6C004FD403 /* Products */ = {
			isa = PBXGroup;
			children = (
				E295BB6122736D6C004FD403 /* Kanjay.app */,
			);
			name = Products;
			sourceTree = "<group>";
		};
		E295BB6322736D6C004FD403 /* Kanjay */ = {
			isa = PBXGroup;
			children = (
				E295BB6422736D6C004FD403 /* AppDelegate.swift */,
				E295BB6622736D6C004FD403 /* ViewController.swift */,
				E295BB78227378B3004FD403 /* KanjayView.swift */,
				E2AA3CDD22748C4E002CA119 /* GameOverController.swift */,
				E295BB6822736D6C004FD403 /* Main.storyboard */,
				E2AA3CDB227482D7002CA119 /* Kanjis */,
				E295BB6B22736D6F004FD403 /* Assets.xcassets */,
				E295BB6D22736D6F004FD403 /* LaunchScreen.storyboard */,
				E295BB7022736D70004FD403 /* Info.plist */,
			);
			path = Kanjay;
			sourceTree = "<group>";
		};
/* End PBXGroup section */

/* Begin PBXNativeTarget section */
		E295BB6022736D6C004FD403 /* Kanjay */ = {
			isa = PBXNativeTarget;
			buildConfigurationList = E295BB7322736D70004FD403 /* Build configuration list for PBXNativeTarget "Kanjay" */;
			buildPhases = (
				E295BB5D22736D6C004FD403 /* Sources */,
				E295BB5E22736D6C004FD403 /* Frameworks */,
				E295BB5F22736D6C004FD403 /* Resources */,
			);
			buildRules = (
			);
			dependencies = (
			);
			name = Kanjay;
			productName = Kanjay;
			productReference = E295BB6122736D6C004FD403 /* Kanjay.app */;
			productType = "com.apple.product-type.application";
		};
/* End PBXNativeTarget section */

/* Begin PBXProject section */
		E295BB5922736D6C004FD403 /* Project object */ = {
			isa = PBXProject;
			attributes = {
				LastSwiftUpdateCheck = 1010;
				LastUpgradeCheck = 1010;
				ORGANIZATIONNAME = "Andika Banuraga";
				TargetAttributes = {
					E295BB6022736D6C004FD403 = {
						CreatedOnToolsVersion = 10.1;
						LastSwiftMigration = 1130;
					};
				};
			};
			buildConfigurationList = E295BB5C22736D6C004FD403 /* Build configuration list for PBXProject "Kanjay" */;
			compatibilityVersion = "Xcode 9.3";
			developmentRegion = en;
			hasScannedForEncodings = 0;
			knownRegions = (
				en,
				Base,
			);
			mainGroup = E295BB5822736D6C004FD403;
			productRefGroup = E295BB6222736D6C004FD403 /* Products */;
			projectDirPath = "";
			projectRoot = "";
			targets = (
				E295BB6022736D6C004FD403 /* Kanjay */,
			);
		};
/* End PBXProject section */

/* Begin PBXResourcesBuildPhase section */
		E295BB5F22736D6C004FD403 /* Resources */ = {
			isa = PBXResourcesBuildPhase;
			buildActionMask = 2147483647;
			files = (
				E295BB6F22736D70004FD403 /* LaunchScreen.storyboard in Resources */,
				E295BB6C22736D6F004FD403 /* Assets.xcassets in Resources */,
				E2AA3CDC227482D7002CA119 /* Kanjis in Resources */,
				E295BB6A22736D6C004FD403 /* Main.storyboard in Resources */,
			);
			runOnlyForDeploymentPostprocessing = 0;
		};
/* End PBXResourcesBuildPhase section */

/* Begin PBXSourcesBuildPhase section */
		E295BB5D22736D6C004FD403 /* Sources */ = {
			isa = PBXSourcesBuildPhase;
			buildActionMask = 2147483647;
			files = (
				E295BB6722736D6C004FD403 /* ViewController.swift in Sources */,
				E2AA3CDE22748C4E002CA119 /* GameOverController.swift in Sources */,
				E295BB6522736D6C004FD403 /* AppDelegate.swift in Sources */,
				E295BB79227378B3004FD403 /* KanjayView.swift in Sources */,
			);
			runOnlyForDeploymentPostprocessing = 0;
		};
/* End PBXSourcesBuildPhase section */

/* Begin PBXVariantGroup section */
		E295BB6822736D6C004FD403 /* Main.storyboard */ = {
			isa = PBXVariantGroup;
			children = (
				E295BB6922736D6C004FD403 /* Base */,
			);
			name = Main.storyboard;
			sourceTree = "<group>";
		};
		E295BB6D22736D6F004FD403 /* LaunchScreen.storyboard */ = {
			isa = PBXVariantGroup;
			children = (
				E295BB6E22736D6F004FD403 /* Base */,
			);
			name = LaunchScreen.storyboard;
			sourceTree = "<group>";
		};
/* End PBXVariantGroup section */

/* Begin XCBuildConfiguration section */
		E295BB7122736D70004FD403 /* Debug */ = {
			isa = XCBuildConfiguration;
			buildSettings = {
				ALWAYS_SEARCH_USER_PATHS = NO;
				CLANG_ANALYZER_NONNULL = YES;
				CLANG_ANALYZER_NUMBER_OBJECT_CONVERSION = YES_AGGRESSIVE;
				CLANG_CXX_LANGUAGE_STANDARD = "gnu++14";
				CLANG_CXX_LIBRARY = "libc++";
				CLANG_ENABLE_MODULES = YES;
				CLANG_ENABLE_OBJC_ARC = YES;
				CLANG_ENABLE_OBJC_WEAK = YES;
				CLANG_WARN_BLOCK_CAPTURE_AUTORELEASING = YES;
				CLANG_WARN_BOOL_CONVERSION = YES;
				CLANG_WARN_COMMA = YES;
				CLANG_WARN_CONSTANT_CONVERSION = YES;
				CLANG_WARN_DEPRECATED_OBJC_IMPLEMENTATIONS = YES;
				CLANG_WARN_DIRECT_OBJC_ISA_USAGE = YES_ERROR;
				CLANG_WARN_DOCUMENTATION_COMMENTS = YES;
				CLANG_WARN_EMPTY_BODY = YES;
				CLANG_WARN_ENUM_CONVERSION = YES;
				CLANG_WARN_INFINITE_RECURSION = YES;
				CLANG_WARN_INT_CONVERSION = YES;
				CLANG_WARN_NON_LITERAL_NULL_CONVERSION = YES;
				CLANG_WARN_OBJC_IMPLICIT_RETAIN_SELF = YES;
				CLANG_WARN_OBJC_LITERAL_CONVERSION = YES;
				CLANG_WARN_OBJC_ROOT_CLASS = YES_ERROR;
				CLANG_WARN_RANGE_LOOP_ANALYSIS = YES;
				CLANG_WARN_STRICT_PROTOTYPES = YES;
				CLANG_WARN_SUSPICIOUS_MOVE = YES;
				CLANG_WARN_UNGUARDED_AVAILABILITY = YES_AGGRESSIVE;
				CLANG_WARN_UNREACHABLE_CODE = YES;
				CLANG_WARN__DUPLICATE_METHOD_MATCH = YES;
				CODE_SIGN_IDENTITY = "iPhone Developer";
				COPY_PHASE_STRIP = NO;
				DEBUG_INFORMATION_FORMAT = dwarf;
				ENABLE_STRICT_OBJC_MSGSEND = YES;
				ENABLE_TESTABILITY = YES;
				GCC_C_LANGUAGE_STANDARD = gnu11;
				GCC_DYNAMIC_NO_PIC = NO;
				GCC_NO_COMMON_BLOCKS = YES;
				GCC_OPTIMIZATION_LEVEL = 0;
				GCC_PREPROCESSOR_DEFINITIONS = (
					"DEBUG=1",
					"$(inherited)",
				);
				GCC_WARN_64_TO_32_BIT_CONVERSION = YES;
				GCC_WARN_ABOUT_RETURN_TYPE = YES_ERROR;
				GCC_WARN_UNDECLARED_SELECTOR = YES;
				GCC_WARN_UNINITIALIZED_AUTOS = YES_AGGRESSIVE;
				GCC_WARN_UNUSED_FUNCTION = YES;
				GCC_WARN_UNUSED_VARIABLE = YES;
				IPHONEOS_DEPLOYMENT_TARGET = 12.1;
				MTL_ENABLE_DEBUG_INFO = INCLUDE_SOURCE;
				MTL_FAST_MATH = YES;
				ONLY_ACTIVE_ARCH = YES;
				SDKROOT = iphoneos;
				SWIFT_ACTIVE_COMPILATION_CONDITIONS = DEBUG;
				SWIFT_OPTIMIZATION_LEVEL = "-Onone";
			};
			name = Debug;
		};
		E295BB7222736D70004FD403 /* Release */ = {
			isa = XCBuildConfiguration;
			buildSettings = {
				ALWAYS_SEARCH_USER_PATHS = NO;
				CLANG_ANALYZER_NONNULL = YES;
				CLANG_ANALYZER_NUMBER_OBJECT_CONVERSION = YES_AGGRESSIVE;
				CLANG_CXX_LANGUAGE_STANDARD = "gnu++14";
				CLANG_CXX_LIBRARY = "libc++";
				CLANG_ENABLE_MODULES = YES;
				CLANG_ENABLE_OBJC_ARC = YES;
				CLANG_ENABLE_OBJC_WEAK = YES;
				CLANG_WARN_BLOCK_CAPTURE_AUTORELEASING = YES;
				CLANG_WARN_BOOL_CONVERSION = YES;
				CLANG_WARN_COMMA = YES;
				CLANG_WARN_CONSTANT_CONVERSION = YES;
				CLANG_WARN_DEPRECATED_OBJC_IMPLEMENTATIONS = YES;
				CLANG_WARN_DIRECT_OBJC_ISA_USAGE = YES_ERROR;
				CLANG_WARN_DOCUMENTATION_COMMENTS = YES;
				CLANG_WARN_EMPTY_BODY = YES;
				CLANG_WARN_ENUM_CONVERSION = YES;
				CLANG_WARN_INFINITE_RECURSION = YES;
				CLANG_WARN_INT_CONVERSION = YES;
				CLANG_WARN_NON_LITERAL_NULL_CONVERSION = YES;
				CLANG_WARN_OBJC_IMPLICIT_RETAIN_SELF = YES;
				CLANG_WARN_OBJC_LITERAL_CONVERSION = YES;
				CLANG_WARN_OBJC_ROOT_CLASS = YES_ERROR;
				CLANG_WARN_RANGE_LOOP_ANALYSIS = YES;
				CLANG_WARN_STRICT_PROTOTYPES = YES;
				CLANG_WARN_SUSPICIOUS_MOVE = YES;
				CLANG_WARN_UNGUARDED_AVAILABILITY = YES_AGGRESSIVE;
				CLANG_WARN_UNREACHABLE_CODE = YES;
				CLANG_WARN__DUPLICATE_METHOD_MATCH = YES;
				CODE_SIGN_IDENTITY = "iPhone Developer";
				COPY_PHASE_STRIP = NO;
				DEBUG_INFORMATION_FORMAT = "dwarf-with-dsym";
				ENABLE_NS_ASSERTIONS = NO;
				ENABLE_STRICT_OBJC_MSGSEND = YES;
				GCC_C_LANGUAGE_STANDARD = gnu11;
				GCC_NO_COMMON_BLOCKS = YES;
				GCC_WARN_64_TO_32_BIT_CONVERSION = YES;
				GCC_WARN_ABOUT_RETURN_TYPE = YES_ERROR;
				GCC_WARN_UNDECLARED_SELECTOR = YES;
				GCC_WARN_UNINITIALIZED_AUTOS = YES_AGGRESSIVE;
				GCC_WARN_UNUSED_FUNCTION = YES;
				GCC_WARN_UNUSED_VARIABLE = YES;
				IPHONEOS_DEPLOYMENT_TARGET = 12.1;
				MTL_ENABLE_DEBUG_INFO = NO;
				MTL_FAST_MATH = YES;
				SDKROOT = iphoneos;
				SWIFT_COMPILATION_MODE = wholemodule;
				SWIFT_OPTIMIZATION_LEVEL = "-O";
				VALIDATE_PRODUCT = YES;
			};
			name = Release;
		};
		E295BB7422736D70004FD403 /* Debug */ = {
			isa = XCBuildConfiguration;
			buildSettings = {
				ASSETCATALOG_COMPILER_APPICON_NAME = AppIcon;
				CODE_SIGN_STYLE = Automatic;
				DEVELOPMENT_TEAM = V62295X9WL;
				INFOPLIST_FILE = Kanjay/Info.plist;
				LD_RUNPATH_SEARCH_PATHS = (
					"$(inherited)",
					"@executable_path/Frameworks",
				);
				PRODUCT_BUNDLE_IDENTIFIER = "com.-banuraga.Kanjay";
				PRODUCT_NAME = "$(TARGET_NAME)";
				SWIFT_VERSION = 5.0;
				TARGETED_DEVICE_FAMILY = 1;
			};
			name = Debug;
		};
		E295BB7522736D70004FD403 /* Release */ = {
			isa = XCBuildConfiguration;
			buildSettings = {
				ASSETCATALOG_COMPILER_APPICON_NAME = AppIcon;
				CODE_SIGN_STYLE = Automatic;
				DEVELOPMENT_TEAM = V62295X9WL;
				INFOPLIST_FILE = Kanjay/Info.plist;
				LD_RUNPATH_SEARCH_PATHS = (
					"$(inherited)",
					"@executable_path/Frameworks",
				);
				PRODUCT_BUNDLE_IDENTIFIER = "com.-banuraga.Kanjay";
				PRODUCT_NAME = "$(TARGET_NAME)";
				SWIFT_VERSION = 5.0;
				TARGETED_DEVICE_FAMILY = 1;
			};
			name = Release;
		};
/* End XCBuildConfiguration section */

/* Begin XCConfigurationList section */
		E295BB5C22736D6C004FD403 /* Build configuration list for PBXProject "Kanjay" */ = {
			isa = XCConfigurationList;
			buildConfigurations = (
				E295BB7122736D70004FD403 /* Debug */,
				E295BB7222736D70004FD403 /* Release */,
			);
			defaultConfigurationIsVisible = 0;
			defaultConfigurationName = Release;
		};
		E295BB7322736D70004FD403 /* Build configuration list for PBXNativeTarget "Kanjay" */ = {
			isa = XCConfigurationList;
			buildConfigurations = (
				E295BB7422736D70004FD403 /* Debug */,
				E295BB7522736D70004FD403 /* Release */,
			);
			defaultConfigurationIsVisible = 0;
			defaultConfigurationName = Release;
		};
/* End XCConfigurationList section */
	};
	rootObject = E295BB5922736D6C004FD403 /* Project object */;
}
